
Microsoft Visual Studio Solution File, Format Version 12.00
# Visual Studio Version 16
VisualStudioVersion = 16.0.29009.5
MinimumVisualStudioVersion = 10.0.40219.1
Project("{9A19103F-16F7-4668-BE54-9A1E7A4F7556}") = "Essa.Framework.XamarinUtil", "Essa.Framework.Xamarin.Util\Essa.Framework.XamarinUtil.csproj", "{CA524C27-1E3A-42C5-86EC-310BF1961C67}"
EndProject
Global
	GlobalSection(SolutionConfigurationPlatforms) = preSolution
		Debug|Any CPU = Debug|Any CPU
		Release|Any CPU = Release|Any CPU
	EndGlobalSection
	GlobalSection(ProjectConfigurationPlatforms) = postSolution
		{CA524C27-1E3A-42C5-86EC-310BF1961C67}.Debug|Any CPU.ActiveCfg = Debug|Any CPU
		{CA524C27-1E3A-42C5-86EC-310BF1961C67}.Debug|Any CPU.Build.0 = Debug|Any CPU
		{CA524C27-1E3A-42C5-86EC-310BF1961C67}.Release|Any CPU.ActiveCfg = Release|Any CPU
		{CA524C27-1E3A-42C5-86EC-310BF1961C67}.Release|Any CPU.Build.0 = Release|Any CPU
	EndGlobalSection
	GlobalSection(SolutionProperties) = preSolution
		HideSolutionNode = FALSE
	EndGlobalSection
	GlobalSection(ExtensibilityGlobals) = postSolution
		SolutionGuid = {FA5F726A-F0BB-4484-BB21-7C79A9FBC6F6}
	EndGlobalSection
EndGlobal
